
Microsoft Visual Studio Solution File, Format Version 12.00
# Visual Studio Version 17
VisualStudioVersion = 17.3.32825.248
MinimumVisualStudioVersion = 10.0.40219.1
Project("{9A19103F-16F7-4668-BE54-9A1E7A4F7556}") = "Archie", "Archie\Archie.csproj", "{1714C917-2238-46CD-AFE3-AF1DEC69956F}"
EndProject
Project("{2150E333-8FDC-42A3-9474-1A3956D46DE8}") = "Solution Items", "Solution Items", "{EDD1B235-C37F-4D5F-9741-12F47F12B5AE}"
	ProjectSection(SolutionItems) = preProject
		.editorconfig = .editorconfig
	EndProjectSection
EndProject
Global
	GlobalSection(SolutionConfigurationPlatforms) = preSolution
		Debug|Any CPU = Debug|Any CPU
		Release|Any CPU = Release|Any CPU
	EndGlobalSection
	GlobalSection(ProjectConfigurationPlatforms) = postSolution
		{1714C917-2238-46CD-AFE3-AF1DEC69956F}.Debug|Any CPU.ActiveCfg = Debug|Any CPU
		{1714C917-2238-46CD-AFE3-AF1DEC69956F}.Debug|Any CPU.Build.0 = Debug|Any CPU
		{1714C917-2238-46CD-AFE3-AF1DEC69956F}.Release|Any CPU.ActiveCfg = Release|Any CPU
		{1714C917-2238-46CD-AFE3-AF1DEC69956F}.Release|Any CPU.Build.0 = Release|Any CPU
	EndGlobalSection
	GlobalSection(SolutionProperties) = preSolution
		HideSolutionNode = FALSE
	EndGlobalSection
	GlobalSection(ExtensibilityGlobals) = postSolution
		SolutionGuid = {A66D050A-1462-4FEF-9C38-9C75D6E8D520}
	EndGlobalSection
EndGlobal
